schema: '2.0'
stages:
  data_ingestion:
    cmd: python src/cnn/pipeline/stage_01_data_ingestion.py
    deps:
    - path: config/config.yaml
      hash: md5
      md5: 678689f0a5543428f787b9283ec68fbb
      size: 580
    - path: src/cnn/pipeline/stage_01_data_ingestion.py
      hash: md5
      md5: a418cbf20f168cad5abef4752ba9acc9
      size: 870
    outs:
    - path: artifacts/data_ingestion/Chest-CT-Scan-data
      hash: md5
      md5: 904fa45d934ce879b3b1933dca6cb2f1.dir
      size: 49247431
      nfiles: 343
  prepare_base_model:
    cmd: python src/cnn/pipeline/stage_02_prepare_base_model.py
    deps:
    - path: config/config.yaml
      hash: md5
      md5: 678689f0a5543428f787b9283ec68fbb
      size: 580
    - path: src/cnn/pipeline/stage_02_prepare_base_model.py
      hash: md5
      md5: c1c97d62d3b30038d24a7767312c8c03
      size: 916
    params:
      params.yaml:
        CLASSES: 2
        IMAGE_SIZE:
        - 224
        - 224
        - 3
        INCLUDE_TOP: false
        LEARNING_RATE: 0.01
        WEIGHTS: imagenet
    outs:
    - path: artifacts/prepare_base_model
      hash: md5
      md5: 3019e6ade4133b6aa889321c40a0f2fb.dir
      size: 118054560
      nfiles: 2
  training:
    cmd: python src/cnn/pipeline/stage_03_model_trainer.py
    deps:
    - path: artifacts/data_ingestion/Chest-CT-Scan-data
      hash: md5
      md5: 904fa45d934ce879b3b1933dca6cb2f1.dir
      size: 49247431
      nfiles: 343
    - path: artifacts/prepare_base_model
      hash: md5
      md5: 3019e6ade4133b6aa889321c40a0f2fb.dir
      size: 118054560
      nfiles: 2
    - path: config/config.yaml
      hash: md5
      md5: 678689f0a5543428f787b9283ec68fbb
      size: 580
    - path: src/cnn/pipeline/stage_03_model_trainer.py
      hash: md5
      md5: be56bac5ed3af0edff6c4c3b28798a1b
      size: 856
    params:
      params.yaml:
        AUGMENTATION: true
        BATCH_SIZE: 16
        EPOCHS: 2
        IMAGE_SIZE:
        - 224
        - 224
        - 3
    outs:
    - path: artifacts/training/model.h5
      hash: md5
      md5: a25c686a3c28cf28dace6c64241402ce
      size: 59337520
  evaluation:
    cmd: python src/cnn/pipeline/stage_04_model_evaluation.py
    deps:
    - path: artifacts/data_ingestion/Chest-CT-Scan-data
      hash: md5
      md5: 904fa45d934ce879b3b1933dca6cb2f1.dir
      size: 49247431
      nfiles: 343
    - path: artifacts/training/model.h5
      hash: md5
      md5: a25c686a3c28cf28dace6c64241402ce
      size: 59337520
    - path: config/config.yaml
      hash: md5
      md5: 678689f0a5543428f787b9283ec68fbb
      size: 580
    - path: src/cnn/pipeline/stage_04_model_evaluation.py
      hash: md5
      md5: 7b90993fa12cea7c46b5634580f3f8f2
      size: 856
    params:
      params.yaml:
        BATCH_SIZE: 16
        IMAGE_SIZE:
        - 224
        - 224
        - 3
    outs:
    - path: scores.json
      hash: md5
      md5: 8fe50ab99c240284e013417d3452a201
      size: 73
